// !$*UTF8*$!
{
	archiveVersion = 1;
	classes = {
	};
	objectVersion = 46;
	objects = {

/* Begin PBXBuildFile section */
		4EC6B5B41D3869A400D28BF2 /* AppDelegate.swift in Sources */ = {isa = PBXBuildFile; fileRef = 4EC6B5B31D3869A400D28BF2 /* AppDelegate.swift */; };
		4EC6B5B61D3869A400D28BF2 /* ViewController.swift in Sources */ = {isa = PBXBuildFile; fileRef = 4EC6B5B51D3869A400D28BF2 /* ViewController.swift */; };
		4EC6B5B91D3869A400D28BF2 /* Main.storyboard in Resources */ = {isa = PBXBuildFile; fileRef = 4EC6B5B71D3869A400D28BF2 /* Main.storyboard */; };
		4EC6B5BB1D3869A400D28BF2 /* Assets.xcassets in Resources */ = {isa = PBXBuildFile; fileRef = 4EC6B5BA1D3869A400D28BF2 /* Assets.xcassets */; };
		4EC6B5BE1D3869A400D28BF2 /* LaunchScreen.storyboard in Resources */ = {isa = PBXBuildFile; fileRef = 4EC6B5BC1D3869A400D28BF2 /* LaunchScreen.storyboard */; };
		4EC6B5D81D38742100D28BF2 /* FaceTracker.framework in Frameworks */ = {isa = PBXBuildFile; fileRef = 4EC6B5D31D38740100D28BF2 /* FaceTracker.framework */; };
		4EC6B5D91D38742100D28BF2 /* FaceTracker.framework in Embed Frameworks */ = {isa = PBXBuildFile; fileRef = 4EC6B5D31D38740100D28BF2 /* FaceTracker.framework */; settings = {ATTRIBUTES = (CodeSignOnCopy, RemoveHeadersOnCopy, ); }; };
/* End PBXBuildFile section */

/* Begin PBXCopyFilesBuildPhase section */
		4EC6B5DA1D38742100D28BF2 /* Embed Frameworks */ = {
			isa = PBXCopyFilesBuildPhase;
			buildActionMask = 2147483647;
			dstPath = "";
			dstSubfolderSpec = 10;
			files = (
				4EC6B5D91D38742100D28BF2 /* FaceTracker.framework in Embed Frameworks */,
			);
			name = "Embed Frameworks";
			runOnlyForDeploymentPostprocessing = 0;
		};
/* End PBXCopyFilesBuildPhase section */

/* Begin PBXFileReference section */
		4EC6B5B01D3869A400D28BF2 /* FaceTracker.app */ = {isa = PBXFileReference; explicitFileType = wrapper.application; includeInIndex = 0; path = FaceTracker.app; sourceTree = BUILT_PRODUCTS_DIR; };
		4EC6B5B31D3869A400D28BF2 /* AppDelegate.swift */ = {isa = PBXFileReference; lastKnownFileType = sourcecode.swift; path = AppDelegate.swift; sourceTree = "<group>"; };
		4EC6B5B51D3869A400D28BF2 /* ViewController.swift */ = {isa = PBXFileReference; lastKnownFileType = sourcecode.swift; path = ViewController.swift; sourceTree = "<group>"; };
		4EC6B5B81D3869A400D28BF2 /* Base */ = {isa = PBXFileReference; lastKnownFileType = file.storyboard; name = Base; path = Base.lproj/Main.storyboard; sourceTree = "<group>"; };
		4EC6B5BA1D3869A400D28BF2 /* Assets.xcassets */ = {isa = PBXFileReference; lastKnownFileType = folder.assetcatalog; path = Assets.xcassets; sourceTree = "<group>"; };
		4EC6B5BD1D3869A400D28BF2 /* Base */ = {isa = PBXFileReference; lastKnownFileType = file.storyboard; name = Base; path = Base.lproj/LaunchScreen.storyboard; sourceTree = "<group>"; };
		4EC6B5BF1D3869A400D28BF2 /* Info.plist */ = {isa = PBXFileReference; lastKnownFileType = text.plist.xml; path = Info.plist; sourceTree = "<group>"; };
		4EC6B5D31D38740100D28BF2 /* FaceTracker.framework */ = {isa = PBXFileReference; lastKnownFileType = wrapper.framework; path = FaceTracker.framework; sourceTree = "<group>"; };
/* End PBXFileReference section */

/* Begin PBXFrameworksBuildPhase section */
		4EC6B5AD1D3869A400D28BF2 /* Frameworks */ = {
			isa = PBXFrameworksBuildPhase;
			buildActionMask = 2147483647;
			files = (
				4EC6B5D81D38742100D28BF2 /* FaceTracker.framework in Frameworks */,
			);
			runOnlyForDeploymentPostprocessing = 0;
		};
/* End PBXFrameworksBuildPhase section */

/* Begin PBXGroup section */
		4EC6B5A71D3869A400D28BF2 = {
			isa = PBXGroup;
			children = (
				4EC6B5B21D3869A400D28BF2 /* FaceTracker */,
				4EC6B5B11D3869A400D28BF2 /* Products */,
				4EC6B5D31D38740100D28BF2 /* FaceTracker.framework */,
			);
			sourceTree = "<group>";
		};
		4EC6B5B11D3869A400D28BF2 /* Products */ = {
			isa = PBXGroup;
			children = (
				4EC6B5B01D3869A400D28BF2 /* FaceTracker.app */,
			);
			name = Products;
			sourceTree = "<group>";
		};
		4EC6B5B21D3869A400D28BF2 /* FaceTracker */ = {
			isa = PBXGroup;
			children = (
				4EC6B5B31D3869A400D28BF2 /* AppDelegate.swift */,
				4EC6B5B51D3869A400D28BF2 /* ViewController.swift */,
				4EC6B5B71D3869A400D28BF2 /* Main.storyboard */,
				4EC6B5BA1D3869A400D28BF2 /* Assets.xcassets */,
				4EC6B5BC1D3869A400D28BF2 /* LaunchScreen.storyboard */,
				4EC6B5BF1D3869A400D28BF2 /* Info.plist */,
			);
			path = FaceTracker;
			sourceTree = "<group>";
		};
/* End PBXGroup section */

/* Begin PBXNativeTarget section */
		4EC6B5AF1D3869A400D28BF2 /* FaceTracker */ = {
			isa = PBXNativeTarget;
			buildConfigurationList = 4EC6B5C21D3869A400D28BF2 /* Build configuration list for PBXNativeTarget "FaceTracker" */;
			buildPhases = (
				4EC6B5AC1D3869A400D28BF2 /* Sources */,
				4EC6B5AD1D3869A400D28BF2 /* Frameworks */,
				4EC6B5AE1D3869A400D28BF2 /* Resources */,
				4EC6B5DA1D38742100D28BF2 /* Embed Frameworks */,
			);
			buildRules = (
			);
			dependencies = (
			);
			name = FaceTracker;
			productName = FaceTracker;
			productReference = 4EC6B5B01D3869A400D28BF2 /* FaceTracker.app */;
			productType = "com.apple.product-type.application";
		};
/* End PBXNativeTarget section */

/* Begin PBXProject section */
		4EC6B5A81D3869A400D28BF2 /* Project object */ = {
			isa = PBXProject;
			attributes = {
				LastSwiftUpdateCheck = 0730;
				LastUpgradeCheck = 0730;
				ORGANIZATIONNAME = EasyMob;
				TargetAttributes = {
					4EC6B5AF1D3869A400D28BF2 = {
						CreatedOnToolsVersion = 7.3.1;
						DevelopmentTeam = 64BZ9T7LV6;
					};
				};
			};
			buildConfigurationList = 4EC6B5AB1D3869A400D28BF2 /* Build configuration list for PBXProject "FaceTracker" */;
			compatibilityVersion = "Xcode 3.2";
			developmentRegion = English;
			hasScannedForEncodings = 0;
			knownRegions = (
				en,
				Base,
			);
			mainGroup = 4EC6B5A71D3869A400D28BF2;
			productRefGroup = 4EC6B5B11D3869A400D28BF2 /* Products */;
			projectDirPath = "";
			projectRoot = "";
			targets = (
				4EC6B5AF1D3869A400D28BF2 /* FaceTracker */,
			);
		};
/* End PBXProject section */

/* Begin PBXResourcesBuildPhase section */
		4EC6B5AE1D3869A400D28BF2 /* Resources */ = {
			isa = PBXResourcesBuildPhase;
			buildActionMask = 2147483647;
			files = (
				4EC6B5BE1D3869A400D28BF2 /* LaunchScreen.storyboard in Resources */,
				4EC6B5BB1D3869A400D28BF2 /* Assets.xcassets in Resources */,
				4EC6B5B91D3869A400D28BF2 /* Main.storyboard in Resources */,
			);
			runOnlyForDeploymentPostprocessing = 0;
		};
/* End PBXResourcesBuildPhase section */

/* Begin PBXSourcesBuildPhase section */
		4EC6B5AC1D3869A400D28BF2 /* Sources */ = {
			isa = PBXSourcesBuildPhase;
			buildActionMask = 2147483647;
			files = (
				4EC6B5B61D3869A400D28BF2 /* ViewController.swift in Sources */,
				4EC6B5B41D3869A400D28BF2 /* AppDelegate.swift in Sources */,
			);
			runOnlyForDeploymentPostprocessing = 0;
		};
/* End PBXSourcesBuildPhase section */

/* Begin PBXVariantGroup section */
		4EC6B5B71D3869A400D28BF2 /* Main.storyboard */ = {
			isa = PBXVariantGroup;
			children = (
				4EC6B5B81D3869A400D28BF2 /* Base */,
			);
			name = Main.storyboard;
			sourceTree = "<group>";
		};
		4EC6B5BC1D3869A400D28BF2 /* LaunchScreen.storyboard */ = {
			isa = PBXVariantGroup;
			children = (
				4EC6B5BD1D3869A400D28BF2 /* Base */,
			);
			name = LaunchScreen.storyboard;
			sourceTree = "<group>";
		};
/* End PBXVariantGroup section */

/* Begin XCBuildConfiguration section */
		4EC6B5C01D3869A400D28BF2 /* Debug */ = {
			isa = XCBuildConfiguration;
			buildSettings = {
				ALWAYS_SEARCH_USER_PATHS = NO;
				CLANG_ANALYZER_NONNULL = YES;
				CLANG_CXX_LANGUAGE_STANDARD = "gnu++0x";
				CLANG_CXX_LIBRARY = "libc++";
				CLANG_ENABLE_MODULES = YES;
				CLANG_ENABLE_OBJC_ARC = YES;
				CLANG_WARN_BOOL_CONVERSION = YES;
				CLANG_WARN_CONSTANT_CONVERSION = YES;
				CLANG_WARN_DIRECT_OBJC_ISA_USAGE = YES_ERROR;
				CLANG_WARN_EMPTY_BODY = YES;
				CLANG_WARN_ENUM_CONVERSION = YES;
				CLANG_WARN_INT_CONVERSION = YES;
				CLANG_WARN_OBJC_ROOT_CLASS = YES_ERROR;
				CLANG_WARN_UNREACHABLE_CODE = YES;
				CLANG_WARN__DUPLICATE_METHOD_MATCH = YES;
				"CODE_SIGN_IDENTITY[sdk=iphoneos*]" = "iPhone Developer";
				COPY_PHASE_STRIP = NO;
				DEBUG_INFORMATION_FORMAT = dwarf;
				ENABLE_STRICT_OBJC_MSGSEND = YES;
				ENABLE_TESTABILITY = YES;
				GCC_C_LANGUAGE_STANDARD = gnu99;
				GCC_DYNAMIC_NO_PIC = NO;
				GCC_NO_COMMON_BLOCKS = YES;
				GCC_OPTIMIZATION_LEVEL = 0;
				GCC_PREPROCESSOR_DEFINITIONS = (
					"DEBUG=1",
					"$(inherited)",
				);
				GCC_WARN_64_TO_32_BIT_CONVERSION = YES;
				GCC_WARN_ABOUT_RETURN_TYPE = YES_ERROR;
				GCC_WARN_UNDECLARED_SELECTOR = YES;
				GCC_WARN_UNINITIALIZED_AUTOS = YES_AGGRESSIVE;
				GCC_WARN_UNUSED_FUNCTION = YES;
				GCC_WARN_UNUSED_VARIABLE = YES;
				IPHONEOS_DEPLOYMENT_TARGET = 9.3;
				MTL_ENABLE_DEBUG_INFO = YES;
				ONLY_ACTIVE_ARCH = YES;
				SDKROOT = iphoneos;
				SWIFT_OPTIMIZATION_LEVEL = "-Onone";
				TARGETED_DEVICE_FAMILY = "1,2";
			};
			name = Debug;
		};
		4EC6B5C11D3869A400D28BF2 /* Release */ = {
			isa = XCBuildConfiguration;
			buildSettings = {
				ALWAYS_SEARCH_USER_PATHS = NO;
				CLANG_ANALYZER_NONNULL = YES;
				CLANG_CXX_LANGUAGE_STANDARD = "gnu++0x";
				CLANG_CXX_LIBRARY = "libc++";
				CLANG_ENABLE_MODULES = YES;
				CLANG_ENABLE_OBJC_ARC = YES;
				CLANG_WARN_BOOL_CONVERSION = YES;
				CLANG_WARN_CONSTANT_CONVERSION = YES;
				CLANG_WARN_DIRECT_OBJC_ISA_USAGE = YES_ERROR;
				CLANG_WARN_EMPTY_BODY = YES;
				CLANG_WARN_ENUM_CONVERSION = YES;
				CLANG_WARN_INT_CONVERSION = YES;
				CLANG_WARN_OBJC_ROOT_CLASS = YES_ERROR;
				CLANG_WARN_UNREACHABLE_CODE = YES;
				CLANG_WARN__DUPLICATE_METHOD_MATCH = YES;
				"CODE_SIGN_IDENTITY[sdk=iphoneos*]" = "iPhone Developer";
				COPY_PHASE_STRIP = NO;
				DEBUG_INFORMATION_FORMAT = "dwarf-with-dsym";
				ENABLE_NS_ASSERTIONS = NO;
				ENABLE_STRICT_OBJC_MSGSEND = YES;
				GCC_C_LANGUAGE_STANDARD = gnu99;
				GCC_NO_COMMON_BLOCKS = YES;
				GCC_WARN_64_TO_32_BIT_CONVERSION = YES;
				GCC_WARN_ABOUT_RETURN_TYPE = YES_ERROR;
				GCC_WARN_UNDECLARED_SELECTOR = YES;
				GCC_WARN_UNINITIALIZED_AUTOS = YES_AGGRESSIVE;
				GCC_WARN_UNUSED_FUNCTION = YES;
				GCC_WARN_UNUSED_VARIABLE = YES;
				IPHONEOS_DEPLOYMENT_TARGET = 9.3;
				MTL_ENABLE_DEBUG_INFO = NO;
				SDKROOT = iphoneos;
				TARGETED_DEVICE_FAMILY = "1,2";
				VALIDATE_PRODUCT = YES;
			};
			name = Release;
		};
		4EC6B5C31D3869A400D28BF2 /* Debug */ = {
			isa = XCBuildConfiguration;
			buildSettings = {
				ASSETCATALOG_COMPILER_APPICON_NAME = AppIcon;
				ENABLE_BITCODE = NO;
				FRAMEWORK_SEARCH_PATHS = (
					"$(inherited)",
					"$(PROJECT_DIR)",
				);
				INFOPLIST_FILE = FaceTracker/Info.plist;
				LD_RUNPATH_SEARCH_PATHS = "$(inherited) @executable_path/Frameworks";
				PRODUCT_BUNDLE_IDENTIFIER = com.coursera.facetracker;
				PRODUCT_NAME = "$(TARGET_NAME)";
			};
			name = Debug;
		};
		4EC6B5C41D3869A400D28BF2 /* Release */ = {
			isa = XCBuildConfiguration;
			buildSettings = {
				ASSETCATALOG_COMPILER_APPICON_NAME = AppIcon;
				ENABLE_BITCODE = NO;
				FRAMEWORK_SEARCH_PATHS = (
					"$(inherited)",
					"$(PROJECT_DIR)",
				);
				INFOPLIST_FILE = FaceTracker/Info.plist;
				LD_RUNPATH_SEARCH_PATHS = "$(inherited) @executable_path/Frameworks";
				PRODUCT_BUNDLE_IDENTIFIER = com.coursera.facetracker;
				PRODUCT_NAME = "$(TARGET_NAME)";
			};
			name = Release;
		};
/* End XCBuildConfiguration section */

/* Begin XCConfigurationList section */
		4EC6B5AB1D3869A400D28BF2 /* Build configuration list for PBXProject "FaceTracker" */ = {
			isa = XCConfigurationList;
			buildConfigurations = (
				4EC6B5C01D3869A400D28BF2 /* Debug */,
				4EC6B5C11D3869A400D28BF2 /* Release */,
			);
			defaultConfigurationIsVisible = 0;
			defaultConfigurationName = Release;
		};
		4EC6B5C21D3869A400D28BF2 /* Build configuration list for PBXNativeTarget "FaceTracker" */ = {
			isa = XCConfigurationList;
			buildConfigurations = (
				4EC6B5C31D3869A400D28BF2 /* Debug */,
				4EC6B5C41D3869A400D28BF2 /* Release */,
			);
			defaultConfigurationIsVisible = 0;
		};
/* End XCConfigurationList section */
	};
	rootObject = 4EC6B5A81D3869A400D28BF2 /* Project object */;
}
